// !$*UTF8*$!
{
	archiveVersion = 1;
	classes = {
	};
	objectVersion = 46;
	objects = {

/* Begin PBXBuildFile section */
		BCCD751F1C7754FC00824D47 /* GildedRose.h in Headers */ = {isa = PBXBuildFile; fileRef = BCCD751E1C7754FC00824D47 /* GildedRose.h */; settings = {ATTRIBUTES = (Public, ); }; };
		BCCD75261C7754FC00824D47 /* GildedRose.framework in Frameworks */ = {isa = PBXBuildFile; fileRef = BCCD751C1C7754FC00824D47 /* GildedRose.framework */; };
		BCCD752B1C7754FC00824D47 /* GildedRoseTests.swift in Sources */ = {isa = PBXBuildFile; fileRef = BCCD752A1C7754FC00824D47 /* GildedRoseTests.swift */; };
		BCCD75331C77551000824D47 /* GildedRoseTests.m in Sources */ = {isa = PBXBuildFile; fileRef = 8505795C189342EA00C69518 /* GildedRoseTests.m */; };
		BCCD75341C77551500824D47 /* GildedRose.m in Sources */ = {isa = PBXBuildFile; fileRef = 850579481893427F00C69518 /* GildedRose.m */; };
		BCCD75351C77551500824D47 /* Item.m in Sources */ = {isa = PBXBuildFile; fileRef = 85057946189341C300C69518 /* Item.m */; };
/* End PBXBuildFile section */

/* Begin PBXContainerItemProxy section */
		BCCD75271C7754FC00824D47 /* PBXContainerItemProxy */ = {
			isa = PBXContainerItemProxy;
			containerPortal = 8505793F189341A900C69518 /* Project object */;
			proxyType = 1;
			remoteGlobalIDString = BCCD751B1C7754FC00824D47;
			remoteInfo = GildedRose;
		};
/* End PBXContainerItemProxy section */

/* Begin PBXFileReference section */
		85057945189341C300C69518 /* Item.h */ = {isa = PBXFileReference; lastKnownFileType = sourcecode.c.h; path = Item.h; sourceTree = "<group>"; };
		85057946189341C300C69518 /* Item.m */ = {isa = PBXFileReference; lastKnownFileType = sourcecode.c.objc; path = Item.m; sourceTree = "<group>"; };
		850579471893427F00C69518 /* GildedRose.h */ = {isa = PBXFileReference; lastKnownFileType = sourcecode.c.h; path = GildedRose.h; sourceTree = "<group>"; };
		850579481893427F00C69518 /* GildedRose.m */ = {isa = PBXFileReference; lastKnownFileType = sourcecode.c.objc; path = GildedRose.m; sourceTree = "<group>"; };
		85057950189342EA00C69518 /* XCTest.framework */ = {isa = PBXFileReference; lastKnownFileType = wrapper.framework; name = XCTest.framework; path = Library/Frameworks/XCTest.framework; sourceTree = DEVELOPER_DIR; };
		85057952189342EA00C69518 /* Foundation.framework */ = {isa = PBXFileReference; lastKnownFileType = wrapper.framework; name = Foundation.framework; path = Library/Frameworks/Foundation.framework; sourceTree = DEVELOPER_DIR; };
		85057954189342EA00C69518 /* UIKit.framework */ = {isa = PBXFileReference; lastKnownFileType = wrapper.framework; name = UIKit.framework; path = Library/Frameworks/UIKit.framework; sourceTree = DEVELOPER_DIR; };
		85057958189342EA00C69518 /* GildedRose-ObjcTests-Info.plist */ = {isa = PBXFileReference; lastKnownFileType = text.plist.xml; path = "GildedRose-ObjcTests-Info.plist"; sourceTree = "<group>"; };
		8505795A189342EA00C69518 /* en */ = {isa = PBXFileReference; lastKnownFileType = text.plist.strings; name = en; path = en.lproj/InfoPlist.strings; sourceTree = "<group>"; };
		8505795C189342EA00C69518 /* GildedRoseTests.m */ = {isa = PBXFileReference; lastKnownFileType = sourcecode.c.objc; path = GildedRoseTests.m; sourceTree = "<group>"; };
		8505795E189342EA00C69518 /* GildedRose-ObjcTests-Prefix.pch */ = {isa = PBXFileReference; lastKnownFileType = sourcecode.c.h; path = "GildedRose-ObjcTests-Prefix.pch"; sourceTree = "<group>"; };
		BCCD751C1C7754FC00824D47 /* GildedRose.framework */ = {isa = PBXFileReference; explicitFileType = wrapper.framework; includeInIndex = 0; path = GildedRose.framework; sourceTree = BUILT_PRODUCTS_DIR; };
		BCCD751E1C7754FC00824D47 /* GildedRose.h */ = {isa = PBXFileReference; lastKnownFileType = sourcecode.c.h; path = GildedRose.h; sourceTree = "<group>"; };
		BCCD75201C7754FC00824D47 /* Info.plist */ = {isa = PBXFileReference; lastKnownFileType = text.plist.xml; path = Info.plist; sourceTree = "<group>"; };
		BCCD75251C7754FC00824D47 /* GildedRoseTests.xctest */ = {isa = PBXFileReference; explicitFileType = wrapper.cfbundle; includeInIndex = 0; path = GildedRoseTests.xctest; sourceTree = BUILT_PRODUCTS_DIR; };
		BCCD752A1C7754FC00824D47 /* GildedRoseTests.swift */ = {isa = PBXFileReference; lastKnownFileType = sourcecode.swift; path = GildedRoseTests.swift; sourceTree = "<group>"; };
		BCCD752C1C7754FC00824D47 /* Info.plist */ = {isa = PBXFileReference; lastKnownFileType = text.plist.xml; path = Info.plist; sourceTree = "<group>"; };
/* End PBXFileReference section */

/* Begin PBXFrameworksBuildPhase section */
		BCCD75181C7754FC00824D47 /* Frameworks */ = {
			isa = PBXFrameworksBuildPhase;
			buildActionMask = 2147483647;
			files = (
			);
			runOnlyForDeploymentPostprocessing = 0;
		};
		BCCD75221C7754FC00824D47 /* Frameworks */ = {
			isa = PBXFrameworksBuildPhase;
			buildActionMask = 2147483647;
			files = (
				BCCD75261C7754FC00824D47 /* GildedRose.framework in Frameworks */,
			);
			runOnlyForDeploymentPostprocessing = 0;
		};
/* End PBXFrameworksBuildPhase section */

/* Begin PBXGroup section */
		8505793E189341A900C69518 = {
			isa = PBXGroup;
			children = (
				850579471893427F00C69518 /* GildedRose.h */,
				850579481893427F00C69518 /* GildedRose.m */,
				85057945189341C300C69518 /* Item.h */,
				85057946189341C300C69518 /* Item.m */,
				85057956189342EA00C69518 /* GildedRose-ObjcTests */,
				BCCD751D1C7754FC00824D47 /* GildedRose */,
				BCCD75291C7754FC00824D47 /* GildedRoseTests */,
				8505794F189342EA00C69518 /* Frameworks */,
				8505794E189342EA00C69518 /* Products */,
			);
			sourceTree = "<group>";
		};
		8505794E189342EA00C69518 /* Products */ = {
			isa = PBXGroup;
			children = (
				BCCD751C1C7754FC00824D47 /* GildedRose.framework */,
				BCCD75251C7754FC00824D47 /* GildedRoseTests.xctest */,
			);
			name = Products;
			sourceTree = "<group>";
		};
		8505794F189342EA00C69518 /* Frameworks */ = {
			isa = PBXGroup;
			children = (
				85057950189342EA00C69518 /* XCTest.framework */,
				85057952189342EA00C69518 /* Foundation.framework */,
				85057954189342EA00C69518 /* UIKit.framework */,
			);
			name = Frameworks;
			sourceTree = "<group>";
		};
		85057956189342EA00C69518 /* GildedRose-ObjcTests */ = {
			isa = PBXGroup;
			children = (
				8505795C189342EA00C69518 /* GildedRoseTests.m */,
				85057957189342EA00C69518 /* Supporting Files */,
			);
			path = "GildedRose-ObjcTests";
			sourceTree = "<group>";
		};
		85057957189342EA00C69518 /* Supporting Files */ = {
			isa = PBXGroup;
			children = (
				85057958189342EA00C69518 /* GildedRose-ObjcTests-Info.plist */,
				85057959189342EA00C69518 /* InfoPlist.strings */,
				8505795E189342EA00C69518 /* GildedRose-ObjcTests-Prefix.pch */,
			);
			name = "Supporting Files";
			sourceTree = "<group>";
		};
		BCCD751D1C7754FC00824D47 /* GildedRose */ = {
			isa = PBXGroup;
			children = (
				BCCD751E1C7754FC00824D47 /* GildedRose.h */,
				BCCD75201C7754FC00824D47 /* Info.plist */,
			);
			path = GildedRose;
			sourceTree = "<group>";
		};
		BCCD75291C7754FC00824D47 /* GildedRoseTests */ = {
			isa = PBXGroup;
			children = (
				BCCD752A1C7754FC00824D47 /* GildedRoseTests.swift */,
				BCCD752C1C7754FC00824D47 /* Info.plist */,
			);
			path = GildedRoseTests;
			sourceTree = "<group>";
		};
/* End PBXGroup section */

/* Begin PBXHeadersBuildPhase section */
		BCCD75191C7754FC00824D47 /* Headers */ = {
			isa = PBXHeadersBuildPhase;
			buildActionMask = 2147483647;
			files = (
				BCCD751F1C7754FC00824D47 /* GildedRose.h in Headers */,
			);
			runOnlyForDeploymentPostprocessing = 0;
		};
/* End PBXHeadersBuildPhase section */

/* Begin PBXNativeTarget section */
		BCCD751B1C7754FC00824D47 /* GildedRose */ = {
			isa = PBXNativeTarget;
			buildConfigurationList = BCCD752D1C7754FC00824D47 /* Build configuration list for PBXNativeTarget "GildedRose" */;
			buildPhases = (
				BCCD75171C7754FC00824D47 /* Sources */,
				BCCD75181C7754FC00824D47 /* Frameworks */,
				BCCD75191C7754FC00824D47 /* Headers */,
				BCCD751A1C7754FC00824D47 /* Resources */,
			);
			buildRules = (
			);
			dependencies = (
			);
			name = GildedRose;
			productName = GildedRose;
			productReference = BCCD751C1C7754FC00824D47 /* GildedRose.framework */;
			productType = "com.apple.product-type.framework";
		};
		BCCD75241C7754FC00824D47 /* GildedRoseTests */ = {
			isa = PBXNativeTarget;
			buildConfigurationList = BCCD75301C7754FC00824D47 /* Build configuration list for PBXNativeTarget "GildedRoseTests" */;
			buildPhases = (
				BCCD75211C7754FC00824D47 /* Sources */,
				BCCD75221C7754FC00824D47 /* Frameworks */,
				BCCD75231C7754FC00824D47 /* Resources */,
			);
			buildRules = (
			);
			dependencies = (
				BCCD75281C7754FC00824D47 /* PBXTargetDependency */,
			);
			name = GildedRoseTests;
			productName = GildedRoseTests;
			productReference = BCCD75251C7754FC00824D47 /* GildedRoseTests.xctest */;
			productType = "com.apple.product-type.bundle.unit-test";
		};
/* End PBXNativeTarget section */

/* Begin PBXProject section */
		8505793F189341A900C69518 /* Project object */ = {
			isa = PBXProject;
			attributes = {
				LastSwiftUpdateCheck = 0720;
				LastUpgradeCheck = 0720;
				TargetAttributes = {
					BCCD751B1C7754FC00824D47 = {
						CreatedOnToolsVersion = 7.2.1;
					};
					BCCD75241C7754FC00824D47 = {
						CreatedOnToolsVersion = 7.2.1;
					};
				};
			};
			buildConfigurationList = 85057942189341A900C69518 /* Build configuration list for PBXProject "GildedRose-Objc" */;
			compatibilityVersion = "Xcode 3.2";
			developmentRegion = English;
			hasScannedForEncodings = 0;
			knownRegions = (
				en,
			);
			mainGroup = 8505793E189341A900C69518;
			productRefGroup = 8505794E189342EA00C69518 /* Products */;
			projectDirPath = "";
			projectRoot = "";
			targets = (
				BCCD751B1C7754FC00824D47 /* GildedRose */,
				BCCD75241C7754FC00824D47 /* GildedRoseTests */,
			);
		};
/* End PBXProject section */

/* Begin PBXResourcesBuildPhase section */
		BCCD751A1C7754FC00824D47 /* Resources */ = {
			isa = PBXResourcesBuildPhase;
			buildActionMask = 2147483647;
			files = (
			);
			runOnlyForDeploymentPostprocessing = 0;
		};
		BCCD75231C7754FC00824D47 /* Resources */ = {
			isa = PBXResourcesBuildPhase;
			buildActionMask = 2147483647;
			files = (
			);
			runOnlyForDeploymentPostprocessing = 0;
		};
/* End PBXResourcesBuildPhase section */

/* Begin PBXSourcesBuildPhase section */
		BCCD75171C7754FC00824D47 /* Sources */ = {
			isa = PBXSourcesBuildPhase;
			buildActionMask = 2147483647;
			files = (
				BCCD75351C77551500824D47 /* Item.m in Sources */,
				BCCD75341C77551500824D47 /* GildedRose.m in Sources */,
			);
			runOnlyForDeploymentPostprocessing = 0;
		};
		BCCD75211C7754FC00824D47 /* Sources */ = {
			isa = PBXSourcesBuildPhase;
			buildActionMask = 2147483647;
			files = (
				BCCD752B1C7754FC00824D47 /* GildedRoseTests.swift in Sources */,
				BCCD75331C77551000824D47 /* GildedRoseTests.m in Sources */,
			);
			runOnlyForDeploymentPostprocessing = 0;
		};
/* End PBXSourcesBuildPhase section */

/* Begin PBXTargetDependency section */
		BCCD75281C7754FC00824D47 /* PBXTargetDependency */ = {
			isa = PBXTargetDependency;
			target = BCCD751B1C7754FC00824D47 /* GildedRose */;
			targetProxy = BCCD75271C7754FC00824D47 /* PBXContainerItemProxy */;
		};
/* End PBXTargetDependency section */

/* Begin PBXVariantGroup section */
		85057959189342EA00C69518 /* InfoPlist.strings */ = {
			isa = PBXVariantGroup;
			children = (
				8505795A189342EA00C69518 /* en */,
			);
			name = InfoPlist.strings;
			sourceTree = "<group>";
		};
/* End PBXVariantGroup section */

/* Begin XCBuildConfiguration section */
		85057943189341A900C69518 /* Debug */ = {
			isa = XCBuildConfiguration;
			buildSettings = {
				ENABLE_TESTABILITY = YES;
				IPHONEOS_DEPLOYMENT_TARGET = 9.2;
				ONLY_ACTIVE_ARCH = YES;
			};
			name = Debug;
		};
		85057944189341A900C69518 /* Release */ = {
			isa = XCBuildConfiguration;
			buildSettings = {
				IPHONEOS_DEPLOYMENT_TARGET = 9.2;
			};
			name = Release;
		};
		BCCD752E1C7754FC00824D47 /* Debug */ = {
			isa = XCBuildConfiguration;
			buildSettings = {
				ALWAYS_SEARCH_USER_PATHS = NO;
				CLANG_CXX_LANGUAGE_STANDARD = "gnu++0x";
				CLANG_CXX_LIBRARY = "libc++";
				CLANG_ENABLE_MODULES = YES;
				CLANG_ENABLE_OBJC_ARC = YES;
				CLANG_WARN_BOOL_CONVERSION = YES;
				CLANG_WARN_CONSTANT_CONVERSION = YES;
				CLANG_WARN_DIRECT_OBJC_ISA_USAGE = YES_ERROR;
				CLANG_WARN_EMPTY_BODY = YES;
				CLANG_WARN_ENUM_CONVERSION = YES;
				CLANG_WARN_INT_CONVERSION = YES;
				CLANG_WARN_OBJC_ROOT_CLASS = YES_ERROR;
				CLANG_WARN_UNREACHABLE_CODE = YES;
				CLANG_WARN__DUPLICATE_METHOD_MATCH = YES;
				"CODE_SIGN_IDENTITY[sdk=iphoneos*]" = "iPhone Developer";
				COPY_PHASE_STRIP = NO;
				CURRENT_PROJECT_VERSION = 1;
				DEBUG_INFORMATION_FORMAT = dwarf;
				DEFINES_MODULE = YES;
				DYLIB_COMPATIBILITY_VERSION = 1;
				DYLIB_CURRENT_VERSION = 1;
				DYLIB_INSTALL_NAME_BASE = "@rpath";
				ENABLE_STRICT_OBJC_MSGSEND = YES;
				ENABLE_TESTABILITY = YES;
				GCC_C_LANGUAGE_STANDARD = gnu99;
				GCC_DYNAMIC_NO_PIC = NO;
				GCC_NO_COMMON_BLOCKS = YES;
				GCC_OPTIMIZATION_LEVEL = 0;
				GCC_PREPROCESSOR_DEFINITIONS = (
					"DEBUG=1",
					"$(inherited)",
				);
				GCC_WARN_64_TO_32_BIT_CONVERSION = YES;
				GCC_WARN_ABOUT_RETURN_TYPE = YES_ERROR;
				GCC_WARN_UNDECLARED_SELECTOR = YES;
				GCC_WARN_UNINITIALIZED_AUTOS = YES_AGGRESSIVE;
				GCC_WARN_UNUSED_FUNCTION = YES;
				GCC_WARN_UNUSED_VARIABLE = YES;
				INFOPLIST_FILE = GildedRose/Info.plist;
				INSTALL_PATH = "$(LOCAL_LIBRARY_DIR)/Frameworks";
				LD_RUNPATH_SEARCH_PATHS = "$(inherited) @executable_path/Frameworks @loader_path/Frameworks";
				MTL_ENABLE_DEBUG_INFO = YES;
				ONLY_ACTIVE_ARCH = YES;
				PRODUCT_BUNDLE_IDENTIFIER = com.nReality.GildedRose;
				PRODUCT_NAME = "$(TARGET_NAME)";
				SDKROOT = iphoneos;
				SKIP_INSTALL = YES;
				SWIFT_OPTIMIZATION_LEVEL = "-Onone";
				TARGETED_DEVICE_FAMILY = "1,2";
				VERSIONING_SYSTEM = "apple-generic";
				VERSION_INFO_PREFIX = "";
			};
			name = Debug;
		};
		BCCD752F1C7754FC00824D47 /* Release */ = {
			isa = XCBuildConfiguration;
			buildSettings = {
				ALWAYS_SEARCH_USER_PATHS = NO;
				CLANG_CXX_LANGUAGE_STANDARD = "gnu++0x";
				CLANG_CXX_LIBRARY = "libc++";
				CLANG_ENABLE_MODULES = YES;
				CLANG_ENABLE_OBJC_ARC = YES;
				CLANG_WARN_BOOL_CONVERSION = YES;
				CLANG_WARN_CONSTANT_CONVERSION = YES;
				CLANG_WARN_DIRECT_OBJC_ISA_USAGE = YES_ERROR;
				CLANG_WARN_EMPTY_BODY = YES;
				CLANG_WARN_ENUM_CONVERSION = YES;
				CLANG_WARN_INT_CONVERSION = YES;
				CLANG_WARN_OBJC_ROOT_CLASS = YES_ERROR;
				CLANG_WARN_UNREACHABLE_CODE = YES;
				CLANG_WARN__DUPLICATE_METHOD_MATCH = YES;
				"CODE_SIGN_IDENTITY[sdk=iphoneos*]" = "iPhone Developer";
				COPY_PHASE_STRIP = NO;
				CURRENT_PROJECT_VERSION = 1;
				DEBUG_INFORMATION_FORMAT = "dwarf-with-dsym";
				DEFINES_MODULE = YES;
				DYLIB_COMPATIBILITY_VERSION = 1;
				DYLIB_CURRENT_VERSION = 1;
				DYLIB_INSTALL_NAME_BASE = "@rpath";
				ENABLE_NS_ASSERTIONS = NO;
				ENABLE_STRICT_OBJC_MSGSEND = YES;
				GCC_C_LANGUAGE_STANDARD = gnu99;
				GCC_NO_COMMON_BLOCKS = YES;
				GCC_WARN_64_TO_32_BIT_CONVERSION = YES;
				GCC_WARN_ABOUT_RETURN_TYPE = YES_ERROR;
				GCC_WARN_UNDECLARED_SELECTOR = YES;
				GCC_WARN_UNINITIALIZED_AUTOS = YES_AGGRESSIVE;
				GCC_WARN_UNUSED_FUNCTION = YES;
				GCC_WARN_UNUSED_VARIABLE = YES;
				INFOPLIST_FILE = GildedRose/Info.plist;
				INSTALL_PATH = "$(LOCAL_LIBRARY_DIR)/Frameworks";
				LD_RUNPATH_SEARCH_PATHS = "$(inherited) @executable_path/Frameworks @loader_path/Frameworks";
				MTL_ENABLE_DEBUG_INFO = NO;
				PRODUCT_BUNDLE_IDENTIFIER = com.nReality.GildedRose;
				PRODUCT_NAME = "$(TARGET_NAME)";
				SDKROOT = iphoneos;
				SKIP_INSTALL = YES;
				TARGETED_DEVICE_FAMILY = "1,2";
				VALIDATE_PRODUCT = YES;
				VERSIONING_SYSTEM = "apple-generic";
				VERSION_INFO_PREFIX = "";
			};
			name = Release;
		};
		BCCD75311C7754FC00824D47 /* Debug */ = {
			isa = XCBuildConfiguration;
			buildSettings = {
				ALWAYS_SEARCH_USER_PATHS = NO;
				CLANG_CXX_LANGUAGE_STANDARD = "gnu++0x";
				CLANG_CXX_LIBRARY = "libc++";
				CLANG_ENABLE_MODULES = YES;
				CLANG_ENABLE_OBJC_ARC = YES;
				CLANG_WARN_BOOL_CONVERSION = YES;
				CLANG_WARN_CONSTANT_CONVERSION = YES;
				CLANG_WARN_DIRECT_OBJC_ISA_USAGE = YES_ERROR;
				CLANG_WARN_EMPTY_BODY = YES;
				CLANG_WARN_ENUM_CONVERSION = YES;
				CLANG_WARN_INT_CONVERSION = YES;
				CLANG_WARN_OBJC_ROOT_CLASS = YES_ERROR;
				CLANG_WARN_UNREACHABLE_CODE = YES;
				CLANG_WARN__DUPLICATE_METHOD_MATCH = YES;
				"CODE_SIGN_IDENTITY[sdk=iphoneos*]" = "iPhone Developer";
				COPY_PHASE_STRIP = NO;
				DEBUG_INFORMATION_FORMAT = dwarf;
				ENABLE_STRICT_OBJC_MSGSEND = YES;
				ENABLE_TESTABILITY = YES;
				GCC_C_LANGUAGE_STANDARD = gnu99;
				GCC_DYNAMIC_NO_PIC = NO;
				GCC_NO_COMMON_BLOCKS = YES;
				GCC_OPTIMIZATION_LEVEL = 0;
				GCC_PREPROCESSOR_DEFINITIONS = (
					"DEBUG=1",
					"$(inherited)",
				);
				GCC_WARN_64_TO_32_BIT_CONVERSION = YES;
				GCC_WARN_ABOUT_RETURN_TYPE = YES_ERROR;
				GCC_WARN_UNDECLARED_SELECTOR = YES;
				GCC_WARN_UNINITIALIZED_AUTOS = YES_AGGRESSIVE;
				GCC_WARN_UNUSED_FUNCTION = YES;
				GCC_WARN_UNUSED_VARIABLE = YES;
				INFOPLIST_FILE = GildedRoseTests/Info.plist;
				LD_RUNPATH_SEARCH_PATHS = "$(inherited) @executable_path/Frameworks @loader_path/Frameworks";
				MTL_ENABLE_DEBUG_INFO = YES;
				ONLY_ACTIVE_ARCH = YES;
				PRODUCT_BUNDLE_IDENTIFIER = com.nReality.GildedRoseTests;
				PRODUCT_NAME = "$(TARGET_NAME)";
				SDKROOT = iphoneos;
				SWIFT_OPTIMIZATION_LEVEL = "-Onone";
			};
			name = Debug;
		};
		BCCD75321C7754FC00824D47 /* Release */ = {
			isa = XCBuildConfiguration;
			buildSettings = {
				ALWAYS_SEARCH_USER_PATHS = NO;
				CLANG_CXX_LANGUAGE_STANDARD = "gnu++0x";
				CLANG_CXX_LIBRARY = "libc++";
				CLANG_ENABLE_MODULES = YES;
				CLANG_ENABLE_OBJC_ARC = YES;
				CLANG_WARN_BOOL_CONVERSION = YES;
				CLANG_WARN_CONSTANT_CONVERSION = YES;
				CLANG_WARN_DIRECT_OBJC_ISA_USAGE = YES_ERROR;
				CLANG_WARN_EMPTY_BODY = YES;
				CLANG_WARN_ENUM_CONVERSION = YES;
				CLANG_WARN_INT_CONVERSION = YES;
				CLANG_WARN_OBJC_ROOT_CLASS = YES_ERROR;
				CLANG_WARN_UNREACHABLE_CODE = YES;
				CLANG_WARN__DUPLICATE_METHOD_MATCH = YES;
				"CODE_SIGN_IDENTITY[sdk=iphoneos*]" = "iPhone Developer";
				COPY_PHASE_STRIP = NO;
				DEBUG_INFORMATION_FORMAT = "dwarf-with-dsym";
				ENABLE_NS_ASSERTIONS = NO;
				ENABLE_STRICT_OBJC_MSGSEND = YES;
				GCC_C_LANGUAGE_STANDARD = gnu99;
				GCC_NO_COMMON_BLOCKS = YES;
				GCC_WARN_64_TO_32_BIT_CONVERSION = YES;
				GCC_WARN_ABOUT_RETURN_TYPE = YES_ERROR;
				GCC_WARN_UNDECLARED_SELECTOR = YES;
				GCC_WARN_UNINITIALIZED_AUTOS = YES_AGGRESSIVE;
				GCC_WARN_UNUSED_FUNCTION = YES;
				GCC_WARN_UNUSED_VARIABLE = YES;
				INFOPLIST_FILE = GildedRoseTests/Info.plist;
				LD_RUNPATH_SEARCH_PATHS = "$(inherited) @executable_path/Frameworks @loader_path/Frameworks";
				MTL_ENABLE_DEBUG_INFO = NO;
				PRODUCT_BUNDLE_IDENTIFIER = com.nReality.GildedRoseTests;
				PRODUCT_NAME = "$(TARGET_NAME)";
				SDKROOT = iphoneos;
				VALIDATE_PRODUCT = YES;
			};
			name = Release;
		};
/* End XCBuildConfiguration section */

/* Begin XCConfigurationList section */
		85057942189341A900C69518 /* Build configuration list for PBXProject "GildedRose-Objc" */ = {
			isa = XCConfigurationList;
			buildConfigurations = (
				85057943189341A900C69518 /* Debug */,
				85057944189341A900C69518 /* Release */,
			);
			defaultConfigurationIsVisible = 0;
			defaultConfigurationName = Release;
		};
		BCCD752D1C7754FC00824D47 /* Build configuration list for PBXNativeTarget "GildedRose" */ = {
			isa = XCConfigurationList;
			buildConfigurations = (
				BCCD752E1C7754FC00824D47 /* Debug */,
				BCCD752F1C7754FC00824D47 /* Release */,
			);
			defaultConfigurationIsVisible = 0;
		};
		BCCD75301C7754FC00824D47 /* Build configuration list for PBXNativeTarget "GildedRoseTests" */ = {
			isa = XCConfigurationList;
			buildConfigurations = (
				BCCD75311C7754FC00824D47 /* Debug */,
				BCCD75321C7754FC00824D47 /* Release */,
			);
			defaultConfigurationIsVisible = 0;
		};
/* End XCConfigurationList section */
	};
	rootObject = 8505793F189341A900C69518 /* Project object */;
}
