<?xml version="1.0" encoding="UTF-8"?>
<Scheme
   version = "1.3">
   <BuildAction>
      <BuildActionEntries>
         <BuildActionEntry
            buildForRunning = "YES"
            buildForTesting = "YES">
            <BuildableReference
               BuildableIdentifier = "primary"
               BlueprintIdentifier = "8505794C189342EA00C69518"
               BuildableName = "GildedRose-ObjcTests.xctest"
               BlueprintName = "GildedRose-ObjcTests"
               ReferencedContainer = "container:GildedRose-Objc.xcodeproj">
            </BuildableReference>
         </BuildActionEntry>
      </BuildActionEntries>
   </BuildAction>
   <TestAction
      buildConfiguration = "Debug">
      <Testables>
         <TestableReference>
            <BuildableReference
               BuildableIdentifier = "primary"
               BlueprintIdentifier = "8505794C189342EA00C69518"
               BuildableName = "GildedRose-ObjcTests.xctest"
               BlueprintName = "GildedRose-ObjcTests"
               ReferencedContainer = "container:GildedRose-Objc.xcodeproj">
            </BuildableReference>
         </TestableReference>
      </Testables>
   </TestAction>
   <LaunchAction
      useCustomWorkingDirectory = "NO">
   </LaunchAction>
</Scheme>
