// !$*UTF8*$!
{
	archiveVersion = 1;
	classes = {
	};
	objectVersion = 46;
	objects = {

/* Begin PBXBuildFile section */
		2DBF00A05139EBD53FA3EC6B /* Assets.xcassets in Resources */ = {isa = PBXBuildFile; fileRef = 2DBF079295A08E5A3937466C /* Assets.xcassets */; };
		2DBF00F0B827B5AB0A291279 /* main.m in Sources */ = {isa = PBXBuildFile; fileRef = 2DBF069B271AAE062A9CC773 /* main.m */; };
		2DBF0158B533B8D927E421CD /* Info.plist in Resources */ = {isa = PBXBuildFile; fileRef = 2DBF023DB74629448FF9C147 /* Info.plist */; };
		2DBF04363AFFB6906B524DEF /* GildedRose.m in Sources */ = {isa = PBXBuildFile; fileRef = 2DBF0E212E504DB4B6C232AC /* GildedRose.m */; };
		2DBF08CCBE352E588CA2C9D9 /* Info.plist in Resources */ = {isa = PBXBuildFile; fileRef = 2DBF0DE1DF33B5DEC675848C /* Info.plist */; };
		2DBF093784E2D95E07B4E1B6 /* Item.m in Sources */ = {isa = PBXBuildFile; fileRef = 2DBF03D83ECCA6761CA4CDB1 /* Item.m */; };
		2DBF0A2DDA152882E985E3D6 /* AppDelegate.m in Sources */ = {isa = PBXBuildFile; fileRef = 2DBF01D02BD7F373B05C04AA /* AppDelegate.m */; };
		2DBF0B4AF65EA7A8D2EBA626 /* ViewController.m in Sources */ = {isa = PBXBuildFile; fileRef = 2DBF0250AFF8FB71743A3070 /* ViewController.m */; };
		2DBF0C8DE89835213C8F0BDB /* LaunchScreen.storyboard in Resources */ = {isa = PBXBuildFile; fileRef = 2DBF09A48028ECD8C529097C /* LaunchScreen.storyboard */; };
		2DBF0D9F0C220F862A4CBA25 /* Main.storyboard in Resources */ = {isa = PBXBuildFile; fileRef = 2DBF08EE224E4AD26FC5D1CC /* Main.storyboard */; };
		2DBF0F0C1F6C76DC17EE3A72 /* GildedRoseTests.m in Sources */ = {isa = PBXBuildFile; fileRef = 2DBF099AF80502DA5D506BD8 /* GildedRoseTests.m */; };
/* End PBXBuildFile section */

/* Begin PBXContainerItemProxy section */
		2DBF05CCBF3D7859212959D1 /* PBXContainerItemProxy */ = {
			isa = PBXContainerItemProxy;
			containerPortal = 2DBF0803F93612995D7E98B4 /* Project object */;
			proxyType = 1;
			remoteGlobalIDString = 2DBF05123018AC5E8D3DD1E3;
			remoteInfo = GildedRose;
		};
/* End PBXContainerItemProxy section */

/* Begin PBXFileReference section */
		2DBF000C6C7376356A645C3D /* GildedRoseTests.xctest */ = {isa = PBXFileReference; explicitFileType = wrapper.cfbundle; includeInIndex = 0; path = GildedRoseTests.xctest; sourceTree = BUILT_PRODUCTS_DIR; };
		2DBF01D02BD7F373B05C04AA /* AppDelegate.m */ = {isa = PBXFileReference; lastKnownFileType = sourcecode.c.objc; path = AppDelegate.m; sourceTree = "<group>"; };
		2DBF01E39743B2E92DF5F627 /* Base */ = {isa = PBXFileReference; lastKnownFileType = file.storyboard; name = Base; path = Base.lproj/Main.storyboard; sourceTree = "<group>"; };
		2DBF023DB74629448FF9C147 /* Info.plist */ = {isa = PBXFileReference; lastKnownFileType = text.plist.info; path = Info.plist; sourceTree = "<group>"; };
		2DBF0250AFF8FB71743A3070 /* ViewController.m */ = {isa = PBXFileReference; lastKnownFileType = sourcecode.c.objc; path = ViewController.m; sourceTree = "<group>"; };
		2DBF03D83ECCA6761CA4CDB1 /* Item.m */ = {isa = PBXFileReference; fileEncoding = 4; lastKnownFileType = sourcecode.c.objc; path = Item.m; sourceTree = "<group>"; };
		2DBF0475255FDF8A6FF6EB39 /* Base */ = {isa = PBXFileReference; lastKnownFileType = file.storyboard; name = Base; path = Base.lproj/LaunchScreen.storyboard; sourceTree = "<group>"; };
		2DBF04D5B696E25696E98A42 /* ViewController.h */ = {isa = PBXFileReference; lastKnownFileType = sourcecode.c.h; path = ViewController.h; sourceTree = "<group>"; };
		2DBF05A2E3011C1DCE622D74 /* Item.h */ = {isa = PBXFileReference; fileEncoding = 4; lastKnownFileType = sourcecode.c.h; path = Item.h; sourceTree = "<group>"; };
		2DBF069B271AAE062A9CC773 /* main.m */ = {isa = PBXFileReference; lastKnownFileType = sourcecode.c.objc; path = main.m; sourceTree = "<group>"; };
		2DBF07665A2FEB9E2071F9B7 /* GildedRose.app */ = {isa = PBXFileReference; explicitFileType = wrapper.application; includeInIndex = 0; path = GildedRose.app; sourceTree = BUILT_PRODUCTS_DIR; };
		2DBF079295A08E5A3937466C /* Assets.xcassets */ = {isa = PBXFileReference; lastKnownFileType = folder.assetcatalog; path = Assets.xcassets; sourceTree = "<group>"; };
		2DBF07C2E20EB1EC5F87CF59 /* GildedRose.h */ = {isa = PBXFileReference; fileEncoding = 4; lastKnownFileType = sourcecode.c.h; path = GildedRose.h; sourceTree = "<group>"; };
		2DBF07D389F033675EA24185 /* AppDelegate.h */ = {isa = PBXFileReference; lastKnownFileType = sourcecode.c.h; path = AppDelegate.h; sourceTree = "<group>"; };
		2DBF099AF80502DA5D506BD8 /* GildedRoseTests.m */ = {isa = PBXFileReference; fileEncoding = 4; lastKnownFileType = sourcecode.c.objc; path = GildedRoseTests.m; sourceTree = "<group>"; };
		2DBF0DE1DF33B5DEC675848C /* Info.plist */ = {isa = PBXFileReference; lastKnownFileType = text.plist.info; path = Info.plist; sourceTree = "<group>"; };
		2DBF0E212E504DB4B6C232AC /* GildedRose.m */ = {isa = PBXFileReference; fileEncoding = 4; lastKnownFileType = sourcecode.c.objc; path = GildedRose.m; sourceTree = "<group>"; };
/* End PBXFileReference section */

/* Begin PBXFrameworksBuildPhase section */
		2DBF0E0BD4C78BD0055AC40A /* Frameworks */ = {
			isa = PBXFrameworksBuildPhase;
			buildActionMask = 2147483647;
			files = (
			);
			runOnlyForDeploymentPostprocessing = 0;
		};
		2DBF0E0D8F7404FECB00FD2F /* Frameworks */ = {
			isa = PBXFrameworksBuildPhase;
			buildActionMask = 2147483647;
			files = (
			);
			runOnlyForDeploymentPostprocessing = 0;
		};
/* End PBXFrameworksBuildPhase section */

/* Begin PBXGroup section */
		2DBF096E14820912D61EBA88 /* GildedRoseTests */ = {
			isa = PBXGroup;
			children = (
				2DBF023DB74629448FF9C147 /* Info.plist */,
				2DBF099AF80502DA5D506BD8 /* GildedRoseTests.m */,
			);
			path = GildedRoseTests;
			sourceTree = "<group>";
		};
		2DBF0DA110322D127E6B69AC /* Products */ = {
			isa = PBXGroup;
			children = (
				2DBF07665A2FEB9E2071F9B7 /* GildedRose.app */,
				2DBF000C6C7376356A645C3D /* GildedRoseTests.xctest */,
			);
			name = Products;
			sourceTree = "<group>";
		};
		2DBF0E072D9AE6A42F7CF81D /* Supporting Files */ = {
			isa = PBXGroup;
			children = (
				2DBF069B271AAE062A9CC773 /* main.m */,
			);
			name = "Supporting Files";
			sourceTree = "<group>";
		};
		2DBF0E43DAC0ABBCEEB63750 = {
			isa = PBXGroup;
			children = (
				2DBF0DA110322D127E6B69AC /* Products */,
				2DBF0F9E893624213E837405 /* GildedRose */,
				2DBF096E14820912D61EBA88 /* GildedRoseTests */,
			);
			sourceTree = "<group>";
		};
		2DBF0F9E893624213E837405 /* GildedRose */ = {
			isa = PBXGroup;
			children = (
				2DBF0DE1DF33B5DEC675848C /* Info.plist */,
				2DBF079295A08E5A3937466C /* Assets.xcassets */,
				2DBF09A48028ECD8C529097C /* LaunchScreen.storyboard */,
				2DBF0E072D9AE6A42F7CF81D /* Supporting Files */,
				2DBF07D389F033675EA24185 /* AppDelegate.h */,
				2DBF01D02BD7F373B05C04AA /* AppDelegate.m */,
				2DBF08EE224E4AD26FC5D1CC /* Main.storyboard */,
				2DBF04D5B696E25696E98A42 /* ViewController.h */,
				2DBF0250AFF8FB71743A3070 /* ViewController.m */,
				2DBF07C2E20EB1EC5F87CF59 /* GildedRose.h */,
				2DBF03D83ECCA6761CA4CDB1 /* Item.m */,
				2DBF0E212E504DB4B6C232AC /* GildedRose.m */,
				2DBF05A2E3011C1DCE622D74 /* Item.h */,
			);
			path = GildedRose;
			sourceTree = "<group>";
		};
/* End PBXGroup section */

/* Begin PBXNativeTarget section */
		2DBF01209AE417D3F04BB16D /* GildedRoseTests */ = {
			isa = PBXNativeTarget;
			buildConfigurationList = 2DBF0102C0879F1F988C2625 /* Build configuration list for PBXNativeTarget "GildedRoseTests" */;
			buildPhases = (
				2DBF073C7E370D5AEAC0CFA4 /* Sources */,
				2DBF0E0BD4C78BD0055AC40A /* Frameworks */,
				2DBF0A1251A72E48EAE08CA4 /* Resources */,
			);
			buildRules = (
			);
			dependencies = (
				2DBF02FC5438382BBD93574E /* PBXTargetDependency */,
			);
			name = GildedRoseTests;
			productName = GildedRoseTests;
			productReference = 2DBF000C6C7376356A645C3D /* GildedRoseTests.xctest */;
			productType = "com.apple.product-type.bundle.unit-test";
		};
		2DBF05123018AC5E8D3DD1E3 /* GildedRose */ = {
			isa = PBXNativeTarget;
			buildConfigurationList = 2DBF0148247B2747E9ABB7EE /* Build configuration list for PBXNativeTarget "GildedRose" */;
			buildPhases = (
				2DBF056A05CFA77699CC6E3C /* Sources */,
				2DBF0E0D8F7404FECB00FD2F /* Frameworks */,
				2DBF054DC3250FAD27ADD018 /* Resources */,
			);
			buildRules = (
			);
			dependencies = (
			);
			name = GildedRose;
			productName = GildedRose;
			productReference = 2DBF07665A2FEB9E2071F9B7 /* GildedRose.app */;
			productType = "com.apple.product-type.application";
		};
/* End PBXNativeTarget section */

/* Begin PBXProject section */
		2DBF0803F93612995D7E98B4 /* Project object */ = {
			isa = PBXProject;
			attributes = {
				ORGANIZATIONNAME = martincronje;
			};
			buildConfigurationList = 2DBF0078C056A13153FBA7D6 /* Build configuration list for PBXProject "GildedRose" */;
			compatibilityVersion = "Xcode 3.2";
			developmentRegion = English;
			hasScannedForEncodings = 0;
			knownRegions = (
				en,
			);
			mainGroup = 2DBF0E43DAC0ABBCEEB63750;
			productRefGroup = 2DBF0DA110322D127E6B69AC /* Products */;
			projectDirPath = "";
			projectRoot = "";
			targets = (
				2DBF05123018AC5E8D3DD1E3 /* GildedRose */,
				2DBF01209AE417D3F04BB16D /* GildedRoseTests */,
			);
		};
/* End PBXProject section */

/* Begin PBXResourcesBuildPhase section */
		2DBF054DC3250FAD27ADD018 /* Resources */ = {
			isa = PBXResourcesBuildPhase;
			buildActionMask = 2147483647;
			files = (
				2DBF08CCBE352E588CA2C9D9 /* Info.plist in Resources */,
				2DBF00A05139EBD53FA3EC6B /* Assets.xcassets in Resources */,
				2DBF0C8DE89835213C8F0BDB /* LaunchScreen.storyboard in Resources */,
				2DBF0D9F0C220F862A4CBA25 /* Main.storyboard in Resources */,
			);
			runOnlyForDeploymentPostprocessing = 0;
		};
		2DBF0A1251A72E48EAE08CA4 /* Resources */ = {
			isa = PBXResourcesBuildPhase;
			buildActionMask = 2147483647;
			files = (
				2DBF0158B533B8D927E421CD /* Info.plist in Resources */,
			);
			runOnlyForDeploymentPostprocessing = 0;
		};
/* End PBXResourcesBuildPhase section */

/* Begin PBXSourcesBuildPhase section */
		2DBF056A05CFA77699CC6E3C /* Sources */ = {
			isa = PBXSourcesBuildPhase;
			buildActionMask = 2147483647;
			files = (
				2DBF00F0B827B5AB0A291279 /* main.m in Sources */,
				2DBF0A2DDA152882E985E3D6 /* AppDelegate.m in Sources */,
				2DBF0B4AF65EA7A8D2EBA626 /* ViewController.m in Sources */,
				2DBF093784E2D95E07B4E1B6 /* Item.m in Sources */,
				2DBF04363AFFB6906B524DEF /* GildedRose.m in Sources */,
			);
			runOnlyForDeploymentPostprocessing = 0;
		};
		2DBF073C7E370D5AEAC0CFA4 /* Sources */ = {
			isa = PBXSourcesBuildPhase;
			buildActionMask = 2147483647;
			files = (
				2DBF0F0C1F6C76DC17EE3A72 /* GildedRoseTests.m in Sources */,
			);
			runOnlyForDeploymentPostprocessing = 0;
		};
/* End PBXSourcesBuildPhase section */

/* Begin PBXTargetDependency section */
		2DBF02FC5438382BBD93574E /* PBXTargetDependency */ = {
			isa = PBXTargetDependency;
			target = 2DBF05123018AC5E8D3DD1E3 /* GildedRose */;
			targetProxy = 2DBF05CCBF3D7859212959D1 /* PBXContainerItemProxy */;
		};
/* End PBXTargetDependency section */

/* Begin PBXVariantGroup section */
		2DBF08EE224E4AD26FC5D1CC /* Main.storyboard */ = {
			isa = PBXVariantGroup;
			children = (
				2DBF01E39743B2E92DF5F627 /* Base */,
			);
			name = Main.storyboard;
			sourceTree = "<group>";
		};
		2DBF09A48028ECD8C529097C /* LaunchScreen.storyboard */ = {
			isa = PBXVariantGroup;
			children = (
				2DBF0475255FDF8A6FF6EB39 /* Base */,
			);
			name = LaunchScreen.storyboard;
			sourceTree = "<group>";
		};
/* End PBXVariantGroup section */

/* Begin XCBuildConfiguration section */
		2DBF0267B4CC5011EB099A02 /* Debug */ = {
			isa = XCBuildConfiguration;
			buildSettings = {
				ASSETCATALOG_COMPILER_APPICON_NAME = AppIcon;
				INFOPLIST_FILE = GildedRose/Info.plist;
				LD_RUNPATH_SEARCH_PATHS = "$(inherited) @executable_path/Frameworks";
				PRODUCT_BUNDLE_IDENTIFIER = martincronje.GildedRose;
				PRODUCT_NAME = "$(TARGET_NAME)";
			};
			name = Debug;
		};
		2DBF07D356D99CF28E4C3F57 /* Release */ = {
			isa = XCBuildConfiguration;
			buildSettings = {
				BUNDLE_LOADER = "$(BUILT_PRODUCTS_DIR)/GildedRose.app/GildedRose";
				INFOPLIST_FILE = GildedRoseTests/Info.plist;
				LD_RUNPATH_SEARCH_PATHS = "$(inherited) @executable_path/Frameworks @loader_path/Frameworks";
				PRODUCT_BUNDLE_IDENTIFIER = martincronje.GildedRoseTests;
				PRODUCT_NAME = "$(TARGET_NAME)";
				TEST_HOST = "$(BUNDLE_LOADER)";
			};
			name = Release;
		};
		2DBF08BA84F11ADFE830AF31 /* Release */ = {
			isa = XCBuildConfiguration;
			buildSettings = {
				ALWAYS_SEARCH_USER_PATHS = NO;
				CLANG_CXX_LANGUAGE_STANDARD = "gnu++0x";
				CLANG_CXX_LIBRARY = "libc++";
				CLANG_ENABLE_MODULES = YES;
				CLANG_ENABLE_OBJC_ARC = YES;
				CLANG_WARN_BOOL_CONVERSION = YES;
				CLANG_WARN_CONSTANT_CONVERSION = YES;
				CLANG_WARN_DIRECT_OBJC_ISA_USAGE = YES_ERROR;
				CLANG_WARN_EMPTY_BODY = YES;
				CLANG_WARN_ENUM_CONVERSION = YES;
				CLANG_WARN_INT_CONVERSION = YES;
				CLANG_WARN_OBJC_ROOT_CLASS = YES_ERROR;
				CLANG_WARN_UNREACHABLE_CODE = YES;
				CLANG_WARN__DUPLICATE_METHOD_MATCH = YES;
				"CODE_SIGN_IDENTITY[sdk=iphoneos*]" = "iPhone Developer";
				COPY_PHASE_STRIP = NO;
				DEBUG_INFORMATION_FORMAT = "dwarf-with-dsym";
				ENABLE_NS_ASSERTIONS = NO;
				ENABLE_STRICT_OBJC_MSGSEND = YES;
				GCC_C_LANGUAGE_STANDARD = gnu99;
				GCC_NO_COMMON_BLOCKS = YES;
				GCC_WARN_64_TO_32_BIT_CONVERSION = YES;
				GCC_WARN_ABOUT_RETURN_TYPE = YES_ERROR;
				GCC_WARN_UNDECLARED_SELECTOR = YES;
				GCC_WARN_UNINITIALIZED_AUTOS = YES_AGGRESSIVE;
				GCC_WARN_UNUSED_FUNCTION = YES;
				GCC_WARN_UNUSED_VARIABLE = YES;
				IPHONEOS_DEPLOYMENT_TARGET = 9.2;
				MTL_ENABLE_DEBUG_INFO = NO;
				SDKROOT = iphoneos;
				TARGETED_DEVICE_FAMILY = "1,2";
				VALIDATE_PRODUCT = YES;
			};
			name = Release;
		};
		2DBF0C189F9A66C6FBDFF4F8 /* Debug */ = {
			isa = XCBuildConfiguration;
			buildSettings = {
				BUNDLE_LOADER = "$(BUILT_PRODUCTS_DIR)/GildedRose.app/GildedRose";
				INFOPLIST_FILE = GildedRoseTests/Info.plist;
				LD_RUNPATH_SEARCH_PATHS = "$(inherited) @executable_path/Frameworks @loader_path/Frameworks";
				PRODUCT_BUNDLE_IDENTIFIER = martincronje.GildedRoseTests;
				PRODUCT_NAME = "$(TARGET_NAME)";
				TEST_HOST = "$(BUNDLE_LOADER)";
			};
			name = Debug;
		};
		2DBF0CC8B2D336E21906DACD /* Release */ = {
			isa = XCBuildConfiguration;
			buildSettings = {
				ASSETCATALOG_COMPILER_APPICON_NAME = AppIcon;
				INFOPLIST_FILE = GildedRose/Info.plist;
				LD_RUNPATH_SEARCH_PATHS = "$(inherited) @executable_path/Frameworks";
				PRODUCT_BUNDLE_IDENTIFIER = martincronje.GildedRose;
				PRODUCT_NAME = "$(TARGET_NAME)";
			};
			name = Release;
		};
		2DBF0F7A55410AE36DD46F0A /* Debug */ = {
			isa = XCBuildConfiguration;
			buildSettings = {
				ALWAYS_SEARCH_USER_PATHS = NO;
				CLANG_CXX_LANGUAGE_STANDARD = "gnu++0x";
				CLANG_CXX_LIBRARY = "libc++";
				CLANG_ENABLE_MODULES = YES;
				CLANG_ENABLE_OBJC_ARC = YES;
				CLANG_WARN_BOOL_CONVERSION = YES;
				CLANG_WARN_CONSTANT_CONVERSION = YES;
				CLANG_WARN_DIRECT_OBJC_ISA_USAGE = YES_ERROR;
				CLANG_WARN_EMPTY_BODY = YES;
				CLANG_WARN_ENUM_CONVERSION = YES;
				CLANG_WARN_INT_CONVERSION = YES;
				CLANG_WARN_OBJC_ROOT_CLASS = YES_ERROR;
				CLANG_WARN_UNREACHABLE_CODE = YES;
				CLANG_WARN__DUPLICATE_METHOD_MATCH = YES;
				"CODE_SIGN_IDENTITY[sdk=iphoneos*]" = "iPhone Developer";
				COPY_PHASE_STRIP = NO;
				DEBUG_INFORMATION_FORMAT = dwarf;
				ENABLE_STRICT_OBJC_MSGSEND = YES;
				ENABLE_TESTABILITY = YES;
				GCC_C_LANGUAGE_STANDARD = gnu99;
				GCC_DYNAMIC_NO_PIC = NO;
				GCC_NO_COMMON_BLOCKS = YES;
				GCC_OPTIMIZATION_LEVEL = 0;
				GCC_PREPROCESSOR_DEFINITIONS = (
					"DEBUG=1",
					"$(inherited)",
				);
				GCC_WARN_64_TO_32_BIT_CONVERSION = YES;
				GCC_WARN_ABOUT_RETURN_TYPE = YES_ERROR;
				GCC_WARN_UNDECLARED_SELECTOR = YES;
				GCC_WARN_UNINITIALIZED_AUTOS = YES_AGGRESSIVE;
				GCC_WARN_UNUSED_FUNCTION = YES;
				GCC_WARN_UNUSED_VARIABLE = YES;
				IPHONEOS_DEPLOYMENT_TARGET = 9.2;
				MTL_ENABLE_DEBUG_INFO = YES;
				ONLY_ACTIVE_ARCH = YES;
				SDKROOT = iphoneos;
				TARGETED_DEVICE_FAMILY = "1,2";
			};
			name = Debug;
		};
/* End XCBuildConfiguration section */

/* Begin XCConfigurationList section */
		2DBF0078C056A13153FBA7D6 /* Build configuration list for PBXProject "GildedRose" */ = {
			isa = XCConfigurationList;
			buildConfigurations = (
				2DBF0F7A55410AE36DD46F0A /* Debug */,
				2DBF08BA84F11ADFE830AF31 /* Release */,
			);
			defaultConfigurationIsVisible = 0;
			defaultConfigurationName = Release;
		};
		2DBF0102C0879F1F988C2625 /* Build configuration list for PBXNativeTarget "GildedRoseTests" */ = {
			isa = XCConfigurationList;
			buildConfigurations = (
				2DBF0C189F9A66C6FBDFF4F8 /* Debug */,
				2DBF07D356D99CF28E4C3F57 /* Release */,
			);
			defaultConfigurationIsVisible = 0;
		};
		2DBF0148247B2747E9ABB7EE /* Build configuration list for PBXNativeTarget "GildedRose" */ = {
			isa = XCConfigurationList;
			buildConfigurations = (
				2DBF0267B4CC5011EB099A02 /* Debug */,
				2DBF0CC8B2D336E21906DACD /* Release */,
			);
			defaultConfigurationIsVisible = 0;
		};
/* End XCConfigurationList section */
	};
	rootObject = 2DBF0803F93612995D7E98B4 /* Project object */;
}
